<?xml version="1.0" encoding="utf-8"?>
<Project ToolsVersion="4.0" xmlns="http://schemas.microsoft.com/developer/msbuild/2003">
  <ItemGroup>
    <Filter Include="Source Files">
      <UniqueIdentifier>{4FC737F1-C7A5-4376-A066-2A32D752A2FF}</UniqueIdentifier>
      <Extensions>cpp;c;cc;cxx;c++;cppm;ixx;def;odl;idl;hpj;bat;asm;asmx</Extensions>
    </Filter>
    <Filter Include="Resource Files">
      <UniqueIdentifier>{67DA6AB6-F800-4c08-8B7A-83BB121AAD01}</UniqueIdentifier>
      <Extensions>rc;ico;cur;bmp;dlg;rc2;rct;bin;rgs;gif;jpg;jpeg;jpe;resx;tiff;tif;png;wav;mfcribbon-ms</Extensions>
    </Filter>
  </ItemGroup>
  <ItemGroup>
    <ClCompile Include="main.cpp">
      <Filter>Source Files</Filter>
    </ClCompile>
    <ClCompile Include="application.cpp">
      <Filter>Source Files</Filter>
    </ClCompile>
    <ClCompile Include="pch.cpp">
      <Filter>Source Files</Filter>
    </ClCompile>
    <ClCompile Include="voxelMachina.cpp">
      <Filter>Source Files</Filter>
    </ClCompile>
    <ClCompile Include="input.cpp">
      <Filter>Source Files</Filter>
    </ClCompile>
    <ClCompile Include="systemTime.cpp">
      <Filter>Source Files</Filter>
    </ClCompile>
    <ClCompile Include="camera.cpp">
      <Filter>Source Files</Filter>
    </ClCompile>
    <ClCompile Include="graphics\coreGraphics.cpp">
      <Filter>Source Files</Filter>
    </ClCompile>
    <ClCompile Include="graphics\renderPipeline.cpp">
      <Filter>Source Files</Filter>
    </ClCompile>
    <ClCompile Include="graphics\meshRenderer.cpp">
      <Filter>Source Files</Filter>
    </ClCompile>
    <ClCompile Include="graphics\material.cpp">
      <Filter>Source Files</Filter>
    </ClCompile>
    <ClCompile Include="graphics\lights.cpp">
      <Filter>Source Files</Filter>
    </ClCompile>
    <ClCompile Include="LightVoxelMachina.cpp">
      <Filter>Source Files</Filter>
    </ClCompile>
    <ClCompile Include="cameraController.cpp">
      <Filter>Source Files</Filter>
    </ClCompile>
  </ItemGroup>
  <ItemGroup>
    <ClInclude Include="application.h" />
    <ClInclude Include="pch.h" />
    <ClInclude Include="voxelMachina.h" />
    <ClInclude Include="input.h" />
    <ClInclude Include="systemTime.h" />
    <ClInclude Include="dxassert.h" />
    <ClInclude Include="colors.h" />
    <ClInclude Include="mathHelpers.h" />
    <ClInclude Include="camera.h" />
    <ClInclude Include="math\scalar.h" />
    <ClInclude Include="math\vector3.h" />
    <ClInclude Include="math\quaternion.h" />
    <ClInclude Include="math\matrix3.h" />
    <ClInclude Include="math\matrix4.h" />
    <ClInclude Include="math\transform.h" />
    <ClInclude Include="math\common.h" />
    <ClInclude Include="graphics\coreGraphics.h" />
    <ClInclude Include="graphics\renderPipeline.h" />
    <ClInclude Include="graphics\meshRenderer.h" />
    <ClInclude Include="graphics\material.h" />
    <ClInclude Include="graphics\lights.h" />
    <ClInclude Include="graphics\graphicsUtils.h" />
    <ClInclude Include="LightVoxelMachina.h" />
    <ClInclude Include="cameraController.h" />
    <ClInclude Include="math\functions.h" />
  </ItemGroup>
  <ItemGroup>
    <FxCompile Include="shaders\BoxVS.hlsl" />
    <FxCompile Include="shaders\BoxPS.hlsl" />
    <FxCompile Include="shaders\SimpleLightVS.hlsl" />
    <FxCompile Include="shaders\SimpleLightPS.hlsl" />
  </ItemGroup>
  <ItemGroup>
    <None Include="shaders\Lights.hlsli" />
  </ItemGroup>
</Project>