<?xml version="1.0" encoding="utf-8"?>
<Project ToolsVersion="4.0" xmlns="http://schemas.microsoft.com/developer/msbuild/2003">
  <ItemGroup>
    <Filter Include="Source Files">
      <UniqueIdentifier>{4FC737F1-C7A5-4376-A066-2A32D752A2FF}</UniqueIdentifier>
      <Extensions>cpp;c;cc;cxx;c++;cppm;ixx;def;odl;idl;hpj;bat;asm;asmx</Extensions>
    </Filter>
    <Filter Include="Resource Files">
      <UniqueIdentifier>{67DA6AB6-F800-4c08-8B7A-83BB121AAD01}</UniqueIdentifier>
      <Extensions>rc;ico;cur;bmp;dlg;rc2;rct;bin;rgs;gif;jpg;jpeg;jpe;resx;tiff;tif;png;wav;mfcribbon-ms</Extensions>
    </Filter>
  </ItemGroup>
  <ItemGroup>
    <ClCompile Include="main.cpp">
      <Filter>Source Files</Filter>
    </ClCompile>
    <ClCompile Include="application.cpp">
      <Filter>Source Files</Filter>
    </ClCompile>
    <ClCompile Include="pch.cpp">
      <Filter>Source Files</Filter>
    </ClCompile>
    <ClCompile Include="voxelMachina.cpp">
      <Filter>Source Files</Filter>
    </ClCompile>
    <ClCompile Include="input.cpp">
      <Filter>Source Files</Filter>
    </ClCompile>
    <ClCompile Include="systemTime.cpp">
      <Filter>Source Files</Filter>
    </ClCompile>
    <ClCompile Include="camera.cpp">
      <Filter>Source Files</Filter>
    </ClCompile>
    <ClCompile Include="graphics\coreGraphics.cpp">
      <Filter>Source Files</Filter>
    </ClCompile>
    <ClCompile Include="graphics\renderPipeline.cpp">
      <Filter>Source Files</Filter>
    </ClCompile>
    <ClCompile Include="graphics\meshRenderer.cpp">
      <Filter>Source Files</Filter>
    </ClCompile>
    <ClCompile Include="graphics\material.cpp">
      <Filter>Source Files</Filter>
    </ClCompile>
    <ClCompile Include="graphics\lights.cpp">
      <Filter>Source Files</Filter>
    </ClCompile>
    <ClCompile Include="LightVoxelMachina.cpp">
      <Filter>Source Files</Filter>
    </ClCompile>
    <ClCompile Include="cameraController.cpp">
      <Filter>Source Files</Filter>
    </ClCompile>
    <ClCompile Include="graphics\UI\drawableElement.cpp">
      <Filter>Source Files</Filter>
    </ClCompile>
    <ClCompile Include="graphics\UI\guiText.cpp">
      <Filter>Source Files</Filter>
    </ClCompile>
    <ClCompile Include="graphics\UI\guiPanel.cpp">
      <Filter>Source Files</Filter>
    </ClCompile>
    <ClCompile Include="graphics\UI\guiSprite.cpp">
      <Filter>Source Files</Filter>
    </ClCompile>
    <ClCompile Include="graphics\dds.cpp">
      <Filter>Source Files</Filter>
    </ClCompile>
    <ClCompile Include="graphics\texture2D.cpp">
      <Filter>Source Files</Filter>
    </ClCompile>
  </ItemGroup>
  <ItemGroup>
    <ClInclude Include="application.h" />
    <ClInclude Include="pch.h" />
    <ClInclude Include="voxelMachina.h" />
    <ClInclude Include="input.h" />
    <ClInclude Include="systemTime.h" />
    <ClInclude Include="dxassert.h" />
    <ClInclude Include="colors.h" />
    <ClInclude Include="mathHelpers.h" />
    <ClInclude Include="camera.h" />
    <ClInclude Include="math\scalar.h" />
    <ClInclude Include="math\vector3.h" />
    <ClInclude Include="math\quaternion.h" />
    <ClInclude Include="math\matrix3.h" />
    <ClInclude Include="math\matrix4.h" />
    <ClInclude Include="math\transform.h" />
    <ClInclude Include="math\common.h" />
    <ClInclude Include="graphics\coreGraphics.h" />
    <ClInclude Include="graphics\renderPipeline.h" />
    <ClInclude Include="graphics\meshRenderer.h" />
    <ClInclude Include="graphics\material.h" />
    <ClInclude Include="graphics\lights.h" />
    <ClInclude Include="graphics\graphicsUtils.h" />
    <ClInclude Include="LightVoxelMachina.h" />
    <ClInclude Include="cameraController.h" />
    <ClInclude Include="math\functions.h" />
    <ClInclude Include="graphics\UI\drawableElement.h" />
    <ClInclude Include="graphics\UI\guiText.h" />
    <ClInclude Include="graphics\UI\guiPanel.h" />
    <ClInclude Include="graphics\UI\guiSprite.h" />
    <ClInclude Include="graphics\dds.h" />
    <ClInclude Include="graphics\texture2D.h" />
  </ItemGroup>
  <ItemGroup>
    <FxCompile Include="shaders\BoxVS.hlsl" />
    <FxCompile Include="shaders\BoxPS.hlsl" />
    <FxCompile Include="shaders\SimpleLightVS.hlsl" />
    <FxCompile Include="shaders\SimpleLightPS.hlsl" />
  </ItemGroup>
  <ItemGroup>
    <None Include="shaders\Lights.hlsli" />
  </ItemGroup>
  <ItemGroup>
    <Image Include="textures\bricks.dds" />
    <Image Include="textures\bricks_nmap.dds" />
    <Image Include="textures\bricks2.dds" />
    <Image Include="textures\bricks2_nmap.dds" />
    <Image Include="textures\bricks3.dds" />
    <Image Include="textures\checkboard.dds" />
    <Image Include="textures\default_nmap.dds" />
    <Image Include="textures\desertcube1024.dds" />
    <Image Include="textures\fire.dds" />
    <Image Include="textures\grass.dds" />
    <Image Include="textures\grasscube1024.dds" />
    <Image Include="textures\head_diff.dds" />
    <Image Include="textures\head_norm.dds" />
    <Image Include="textures\ice.dds" />
    <Image Include="textures\jacket_diff.dds" />
    <Image Include="textures\jacket_norm.dds" />
    <Image Include="textures\pants_diff.dds" />
    <Image Include="textures\pants_norm.dds" />
    <Image Include="textures\snowcube1024.dds" />
    <Image Include="textures\stone.dds" />
    <Image Include="textures\sunsetcube1024.dds" />
    <Image Include="textures\tile.dds" />
    <Image Include="textures\tile_nmap.dds" />
    <Image Include="textures\tree0.bmp">
      <Filter>Resource Files</Filter>
    </Image>
    <Image Include="textures\tree01S.dds" />
    <Image Include="textures\tree1.bmp">
      <Filter>Resource Files</Filter>
    </Image>
    <Image Include="textures\tree02S.dds" />
    <Image Include="textures\tree2.bmp">
      <Filter>Resource Files</Filter>
    </Image>
    <Image Include="textures\tree35S.dds" />
    <Image Include="textures\treearray.dds" />
    <Image Include="textures\treeArray2.dds" />
    <Image Include="textures\upBody_diff.dds" />
    <Image Include="textures\upbody_norm.dds" />
    <Image Include="textures\water1.dds" />
    <Image Include="textures\white1x1.dds" />
    <Image Include="textures\WireFence.dds" />
    <Image Include="textures\WoodCrate01.dds" />
    <Image Include="textures\WoodCrate02.dds" />
    <Image Include="icons\icon.png">
      <Filter>Resource Files</Filter>
    </Image>
  </ItemGroup>
</Project>